# Image pins for the Coire control plane.
#
# Every FROM in a Dockerfile and every `image:` in compose.yaml must appear here with a
# sha256 digest. `scripts/pin-images.sh --check` enforces it, and CI fails on a bare tag
# (contracts/image-policy.md rule 7).
#
# Resolved 2026-08-29 on coire-core (linux/arm64).
#
# name                   reference
builder-python           ghcr.io/astral-sh/uv:python3.13-bookworm-slim@sha256:531f855bda2c73cd6ef67d56b733b357cea384185b3022bd09f05e002cd144ca
runtime-base             gcr.io/distroless/base-debian12:nonroot@sha256:7f0c72cd138b442ae0deeb69c08b1acf5525439ba251a49ad93c320a061567e5
runtime-nginx            cgr.dev/chainguard/nginx:latest@sha256:f801aa4ac908f6c3847efe81b577e4f34e1f237b5556dfbe698127ad464db269
builder-node             docker.io/library/node:22-bookworm-slim@sha256:83f487e0a63425e5b4d146fb5e5be574bcbe1b7b843d3ebafdd95eaf7767a7e5
builder-go               docker.io/library/golang:1.26-bookworm@sha256:e8c859f5632dcfde7b32d2012b4351728f6437930887c2f6a91ea242459e5514
postgres                 docker.io/library/postgres:17@sha256:67f41722b7a8cbdb868a44a4995c846eddfdc2973bccb291ce937dce88ad5675
docker-socket-proxy      docker.io/tecnativa/docker-socket-proxy:latest@sha256:1f5038b54f06c3e18422902cf00ba21803d1c97805aae032e5e6673d532d3459
grafana-runtime          docker.io/grafana/grafana:13.2.0@sha256:3fd54ae1214669f8355f065ec9f6445d5279a3d77095ab048ca045685272429b

# CI-only. `coire-node-test` runs a real node agent on Linux with a fake engine so the
# integration job can exercise acquisition and engine lifecycle (research R9). It is never
# deployed — tests/integration/test_topology.py asserts no production service uses it — but its
# bases are recorded here so they are pinned, tracked, and updated with everything else.
# Resolved 2026-08-30 on coire-core (linux/arm64).
ci-node-test-base        docker.io/library/python:3.13-slim-bookworm@sha256:c45a22ea000adfd9cda29364bbe7edd23001ce5cc2ad15857cfbf7766943b9ca
ci-uv                    ghcr.io/astral-sh/uv:0.12.7@sha256:95f2aa1fe59274951cfe9b0cbc7972e879ff1004bc8945d130a32eb0dbd85945
